
Microsoft Visual Studio Solution File, Format Version 12.00
# Visual Studio 2015
Project("{FAE04EC0-301F-11D3-BF4B-00C04F79EFBC}") = "UnityVS.GD2 lvl1.CSharp", "UnityVS.GD2 lvl1.CSharp.csproj", "{3DDBE3AB-0986-F72B-E1D3-941E76DD0235}"
EndProject
Project("{FAE04EC0-301F-11D3-BF4B-00C04F79EFBC}") = "UnityVS.GD2 lvl1.CSharp.Editor", "UnityVS.GD2 lvl1.CSharp.Editor.csproj", "{5BCAB97F-4A3D-8FCB-6606-7C9C54FD4957}"
EndProject
Global
	GlobalSection(SolutionConfigurationPlatforms) = preSolution
		Debug|Any CPU = Debug|Any CPU
		Release|Any CPU = Release|Any CPU
	EndGlobalSection
	GlobalSection(ProjectConfigurationPlatforms) = postSolution
		{3DDBE3AB-0986-F72B-E1D3-941E76DD0235}.Debug|Any CPU.ActiveCfg = Debug|Any CPU
		{3DDBE3AB-0986-F72B-E1D3-941E76DD0235}.Debug|Any CPU.Build.0 = Debug|Any CPU
		{3DDBE3AB-0986-F72B-E1D3-941E76DD0235}.Release|Any CPU.ActiveCfg = Release|Any CPU
		{3DDBE3AB-0986-F72B-E1D3-941E76DD0235}.Release|Any CPU.Build.0 = Release|Any CPU
		{5BCAB97F-4A3D-8FCB-6606-7C9C54FD4957}.Debug|Any CPU.ActiveCfg = Debug|Any CPU
		{5BCAB97F-4A3D-8FCB-6606-7C9C54FD4957}.Debug|Any CPU.Build.0 = Debug|Any CPU
		{5BCAB97F-4A3D-8FCB-6606-7C9C54FD4957}.Release|Any CPU.ActiveCfg = Release|Any CPU
		{5BCAB97F-4A3D-8FCB-6606-7C9C54FD4957}.Release|Any CPU.Build.0 = Release|Any CPU
	EndGlobalSection
	GlobalSection(SolutionProperties) = preSolution
		HideSolutionNode = FALSE
	EndGlobalSection
EndGlobal
